
Microsoft Visual Studio Solution File, Format Version 12.00
# Visual Studio Version 17
VisualStudioVersion = 17.4.33110.190
MinimumVisualStudioVersion = 10.0.40219.1
Project("{FAE04EC0-301F-11D3-BF4B-00C04F79EFBC}") = "Buutti-task", "Buutti-task\Buutti-task.csproj", "{947597A6-F691-42E3-B5D5-098CBF5CA6AD}"
EndProject
Global
	GlobalSection(SolutionConfigurationPlatforms) = preSolution
		Debug|Any CPU = Debug|Any CPU
		Release|Any CPU = Release|Any CPU
	EndGlobalSection
	GlobalSection(ProjectConfigurationPlatforms) = postSolution
		{947597A6-F691-42E3-B5D5-098CBF5CA6AD}.Debug|Any CPU.ActiveCfg = Debug|Any CPU
		{947597A6-F691-42E3-B5D5-098CBF5CA6AD}.Debug|Any CPU.Build.0 = Debug|Any CPU
		{947597A6-F691-42E3-B5D5-098CBF5CA6AD}.Release|Any CPU.ActiveCfg = Release|Any CPU
		{947597A6-F691-42E3-B5D5-098CBF5CA6AD}.Release|Any CPU.Build.0 = Release|Any CPU
	EndGlobalSection
	GlobalSection(SolutionProperties) = preSolution
		HideSolutionNode = FALSE
	EndGlobalSection
	GlobalSection(ExtensibilityGlobals) = postSolution
		SolutionGuid = {5FF55656-41C6-43A3-B015-0742C3EC5FA7}
	EndGlobalSection
EndGlobal
